<?xml version="1.0" encoding="UTF-8" standalone="yes" ?>
<CodeBlocks_project_file>
	<FileVersion major="1" minor="6" />
	<Project>
		<Option title="client_Aria" />
		<Option pch_mode="2" />
		<Option compiler="gcc" />
		<Build>
			<Target title="Release">
				<Option output="bin/Release/client_Aria" prefix_auto="1" extension_auto="1" />
				<Option object_output="obj/Release/" />
				<Option type="1" />
				<Option compiler="gcc" />
				<Compiler>
					<Add option="-O2" />
				</Compiler>
				<Linker>
					<Add option="-s" />
				</Linker>
			</Target>
		</Build>
		<Compiler>
			<Add option="-Wall" />
			<Add option="-fexceptions" />
			<Add directory="/usr/local/Aria/include" />
			<Add directory="/usr/local/Aria/ArNetworking/include" />
			<Add directory="/usr/local/lib" />
		</Compiler>
		<Linker>
			<Add library="Aria" />
			<Add library="ArNetworking" />
			<Add library="opencv_core" />
			<Add library="opencv_imgproc" />
			<Add library="opencv_highgui" />
			<Add library="opencv_imgcodecs" />
			<Add directory="/usr/local/Aria/lib" />
			<Add directory="/usr/local/include/opencv2" />
		</Linker>
		<Unit filename="main.cpp" />
		<Unit filename="robotManager.cpp" />
		<Unit filename="robotManager.h">
			<Option target="&lt;{~None~}&gt;" />
		</Unit>
		<Extensions>
			<envvars />
			<code_completion />
			<debugger />
			<lib_finder disable_auto="1" />
			<DoxyBlocks>
				<comment_style block="0" line="0" />
				<doxyfile_project output_directory="docs" output_language="Polish" />
				<doxyfile_build extract_all="1" />
				<doxyfile_warnings />
				<doxyfile_output latex="1" />
				<doxyfile_dot class_diagrams="1" />
				<general />
			</DoxyBlocks>
		</Extensions>
	</Project>
</CodeBlocks_project_file>
